
Microsoft Visual Studio Solution File, Format Version 12.00
# Visual Studio Version 17
VisualStudioVersion = 17.0.32002.185
MinimumVisualStudioVersion = 10.0.40219.1
Project("{9A19103F-16F7-4668-BE54-9A1E7A4F7556}") = "Source", "Source\Source.csproj", "{CE0E6223-6AA8-4C10-8D87-9E36622EC914}"
EndProject
Project("{54435603-DBB4-11D2-8724-00A0C9A8B90C}") = "MSI", "MSI\MSI.vdproj", "{0E038771-7E7D-47F6-86AF-AC57568AA492}"
EndProject
Global
	GlobalSection(SolutionConfigurationPlatforms) = preSolution
		Debug|Any CPU = Debug|Any CPU
		Release|Any CPU = Release|Any CPU
	EndGlobalSection
	GlobalSection(ProjectConfigurationPlatforms) = postSolution
		{CE0E6223-6AA8-4C10-8D87-9E36622EC914}.Debug|Any CPU.ActiveCfg = Debug|Any CPU
		{CE0E6223-6AA8-4C10-8D87-9E36622EC914}.Debug|Any CPU.Build.0 = Debug|Any CPU
		{CE0E6223-6AA8-4C10-8D87-9E36622EC914}.Release|Any CPU.ActiveCfg = Release|Any CPU
		{CE0E6223-6AA8-4C10-8D87-9E36622EC914}.Release|Any CPU.Build.0 = Release|Any CPU
		{0E038771-7E7D-47F6-86AF-AC57568AA492}.Debug|Any CPU.ActiveCfg = Debug
		{0E038771-7E7D-47F6-86AF-AC57568AA492}.Debug|Any CPU.Build.0 = Debug
		{0E038771-7E7D-47F6-86AF-AC57568AA492}.Release|Any CPU.ActiveCfg = Release
	EndGlobalSection
	GlobalSection(SolutionProperties) = preSolution
		HideSolutionNode = FALSE
	EndGlobalSection
	GlobalSection(ExtensibilityGlobals) = postSolution
		SolutionGuid = {2458DB1C-F343-47AE-AB93-31E8AAA1EE39}
	EndGlobalSection
EndGlobal
